
Microsoft Visual Studio Solution File, Format Version 12.00
# Visual Studio Version 16
VisualStudioVersion = 16.0.29806.167
MinimumVisualStudioVersion = 10.0.40219.1
Project("{FAE04EC0-301F-11D3-BF4B-00C04F79EFBC}") = "BryntumSchedulerDemo", "BryntumSchedulerDemo\BryntumSchedulerDemo.csproj", "{8933E0DF-C41C-4732-A796-9F8ED6739C25}"
EndProject
Project("{FAE04EC0-301F-11D3-BF4B-00C04F79EFBC}") = "BryntumCRUD", "BryntumCRUD\BryntumCRUD.csproj", "{AB3C6C56-251F-481B-94E5-5A7882F83BDA}"
EndProject
Project("{FAE04EC0-301F-11D3-BF4B-00C04F79EFBC}") = "BryntumScheduler", "BryntumScheduler\BryntumScheduler.csproj", "{47EB08A4-756E-4215-A15D-BB4412532927}"
EndProject
Global
	GlobalSection(SolutionConfigurationPlatforms) = preSolution
		Debug|Any CPU = Debug|Any CPU
		Release|Any CPU = Release|Any CPU
	EndGlobalSection
	GlobalSection(ProjectConfigurationPlatforms) = postSolution
		{8933E0DF-C41C-4732-A796-9F8ED6739C25}.Debug|Any CPU.ActiveCfg = Debug|Any CPU
		{8933E0DF-C41C-4732-A796-9F8ED6739C25}.Debug|Any CPU.Build.0 = Debug|Any CPU
		{8933E0DF-C41C-4732-A796-9F8ED6739C25}.Release|Any CPU.ActiveCfg = Release|Any CPU
		{8933E0DF-C41C-4732-A796-9F8ED6739C25}.Release|Any CPU.Build.0 = Release|Any CPU
		{AB3C6C56-251F-481B-94E5-5A7882F83BDA}.Debug|Any CPU.ActiveCfg = Debug|Any CPU
		{AB3C6C56-251F-481B-94E5-5A7882F83BDA}.Debug|Any CPU.Build.0 = Debug|Any CPU
		{AB3C6C56-251F-481B-94E5-5A7882F83BDA}.Release|Any CPU.ActiveCfg = Release|Any CPU
		{AB3C6C56-251F-481B-94E5-5A7882F83BDA}.Release|Any CPU.Build.0 = Release|Any CPU
		{47EB08A4-756E-4215-A15D-BB4412532927}.Debug|Any CPU.ActiveCfg = Debug|Any CPU
		{47EB08A4-756E-4215-A15D-BB4412532927}.Debug|Any CPU.Build.0 = Debug|Any CPU
		{47EB08A4-756E-4215-A15D-BB4412532927}.Release|Any CPU.ActiveCfg = Release|Any CPU
		{47EB08A4-756E-4215-A15D-BB4412532927}.Release|Any CPU.Build.0 = Release|Any CPU
	EndGlobalSection
	GlobalSection(SolutionProperties) = preSolution
		HideSolutionNode = FALSE
	EndGlobalSection
	GlobalSection(ExtensibilityGlobals) = postSolution
		SolutionGuid = {8BFF6C4C-447C-4B9C-B040-2AED28D786F7}
	EndGlobalSection
EndGlobal
